
Microsoft Visual Studio Solution File, Format Version 12.00
# Visual Studio Version 16
VisualStudioVersion = 16.0.29102.190
MinimumVisualStudioVersion = 10.0.40219.1
Project("{9A19103F-16F7-4668-BE54-9A1E7A4F7556}") = "GeoControl", "GeoControl\GeoControl.csproj", "{9624A7C1-357C-4644-8634-9440A442623B}"
EndProject
Project("{9A19103F-16F7-4668-BE54-9A1E7A4F7556}") = "Model", "Model\Model.csproj", "{A4B11D60-DD6E-4089-83A1-995838D9B4B6}"
EndProject
Project("{9A19103F-16F7-4668-BE54-9A1E7A4F7556}") = "Common", "Common\Common.csproj", "{FCB968B4-6AEB-410D-9156-24CB5FC0D3F3}"
EndProject
Project("{9A19103F-16F7-4668-BE54-9A1E7A4F7556}") = "Bussines", "Service\Bussines.csproj", "{E18A0459-FA8A-400D-AFAD-E8A0216046D3}"
EndProject
Project("{2150E333-8FDC-42A3-9474-1A3956D46DE8}") = "5.Model", "5.Model", "{23AA9FE5-D0C6-42DA-AFAC-19BDBDA9538C}"
EndProject
Project("{2150E333-8FDC-42A3-9474-1A3956D46DE8}") = "1.Web", "1.Web", "{86FA9F16-A020-449E-8290-53D6967883F1}"
EndProject
Project("{2150E333-8FDC-42A3-9474-1A3956D46DE8}") = "2.Bussines", "2.Bussines", "{422C9DF5-993F-4000-938F-828A70CA78AA}"
EndProject
Project("{2150E333-8FDC-42A3-9474-1A3956D46DE8}") = "3.Repository", "3.Repository", "{B672B8ED-61C8-4E78-AE02-62055BF154ED}"
EndProject
Project("{2150E333-8FDC-42A3-9474-1A3956D46DE8}") = "4.Common", "4.Common", "{FE425E5C-80A0-47A9-9C27-57DADBF209CA}"
EndProject
Project("{9A19103F-16F7-4668-BE54-9A1E7A4F7556}") = "Repository", "Repository\Repository\Repository.csproj", "{BD0401D5-2EFF-4F7D-8D8B-40D71624FAF7}"
EndProject
Global
	GlobalSection(SolutionConfigurationPlatforms) = preSolution
		Debug|Any CPU = Debug|Any CPU
		Debug|ARM = Debug|ARM
		Debug|ARM64 = Debug|ARM64
		Debug|x64 = Debug|x64
		Debug|x86 = Debug|x86
		Release|Any CPU = Release|Any CPU
		Release|ARM = Release|ARM
		Release|ARM64 = Release|ARM64
		Release|x64 = Release|x64
		Release|x86 = Release|x86
	EndGlobalSection
	GlobalSection(ProjectConfigurationPlatforms) = postSolution
		{9624A7C1-357C-4644-8634-9440A442623B}.Debug|Any CPU.ActiveCfg = Debug|Any CPU
		{9624A7C1-357C-4644-8634-9440A442623B}.Debug|Any CPU.Build.0 = Debug|Any CPU
		{9624A7C1-357C-4644-8634-9440A442623B}.Debug|ARM.ActiveCfg = Debug|Any CPU
		{9624A7C1-357C-4644-8634-9440A442623B}.Debug|ARM.Build.0 = Debug|Any CPU
		{9624A7C1-357C-4644-8634-9440A442623B}.Debug|ARM64.ActiveCfg = Debug|Any CPU
		{9624A7C1-357C-4644-8634-9440A442623B}.Debug|ARM64.Build.0 = Debug|Any CPU
		{9624A7C1-357C-4644-8634-9440A442623B}.Debug|x64.ActiveCfg = Debug|Any CPU
		{9624A7C1-357C-4644-8634-9440A442623B}.Debug|x64.Build.0 = Debug|Any CPU
		{9624A7C1-357C-4644-8634-9440A442623B}.Debug|x86.ActiveCfg = Debug|Any CPU
		{9624A7C1-357C-4644-8634-9440A442623B}.Debug|x86.Build.0 = Debug|Any CPU
		{9624A7C1-357C-4644-8634-9440A442623B}.Release|Any CPU.ActiveCfg = Release|Any CPU
		{9624A7C1-357C-4644-8634-9440A442623B}.Release|Any CPU.Build.0 = Release|Any CPU
		{9624A7C1-357C-4644-8634-9440A442623B}.Release|ARM.ActiveCfg = Release|Any CPU
		{9624A7C1-357C-4644-8634-9440A442623B}.Release|ARM.Build.0 = Release|Any CPU
		{9624A7C1-357C-4644-8634-9440A442623B}.Release|ARM64.ActiveCfg = Release|Any CPU
		{9624A7C1-357C-4644-8634-9440A442623B}.Release|ARM64.Build.0 = Release|Any CPU
		{9624A7C1-357C-4644-8634-9440A442623B}.Release|x64.ActiveCfg = Release|Any CPU
		{9624A7C1-357C-4644-8634-9440A442623B}.Release|x64.Build.0 = Release|Any CPU
		{9624A7C1-357C-4644-8634-9440A442623B}.Release|x86.ActiveCfg = Release|Any CPU
		{9624A7C1-357C-4644-8634-9440A442623B}.Release|x86.Build.0 = Release|Any CPU
		{A4B11D60-DD6E-4089-83A1-995838D9B4B6}.Debug|Any CPU.ActiveCfg = Debug|Any CPU
		{A4B11D60-DD6E-4089-83A1-995838D9B4B6}.Debug|Any CPU.Build.0 = Debug|Any CPU
		{A4B11D60-DD6E-4089-83A1-995838D9B4B6}.Debug|ARM.ActiveCfg = Debug|Any CPU
		{A4B11D60-DD6E-4089-83A1-995838D9B4B6}.Debug|ARM.Build.0 = Debug|Any CPU
		{A4B11D60-DD6E-4089-83A1-995838D9B4B6}.Debug|ARM64.ActiveCfg = Debug|Any CPU
		{A4B11D60-DD6E-4089-83A1-995838D9B4B6}.Debug|ARM64.Build.0 = Debug|Any CPU
		{A4B11D60-DD6E-4089-83A1-995838D9B4B6}.Debug|x64.ActiveCfg = Debug|Any CPU
		{A4B11D60-DD6E-4089-83A1-995838D9B4B6}.Debug|x64.Build.0 = Debug|Any CPU
		{A4B11D60-DD6E-4089-83A1-995838D9B4B6}.Debug|x86.ActiveCfg = Debug|Any CPU
		{A4B11D60-DD6E-4089-83A1-995838D9B4B6}.Debug|x86.Build.0 = Debug|Any CPU
		{A4B11D60-DD6E-4089-83A1-995838D9B4B6}.Release|Any CPU.ActiveCfg = Release|Any CPU
		{A4B11D60-DD6E-4089-83A1-995838D9B4B6}.Release|Any CPU.Build.0 = Release|Any CPU
		{A4B11D60-DD6E-4089-83A1-995838D9B4B6}.Release|ARM.ActiveCfg = Release|Any CPU
		{A4B11D60-DD6E-4089-83A1-995838D9B4B6}.Release|ARM.Build.0 = Release|Any CPU
		{A4B11D60-DD6E-4089-83A1-995838D9B4B6}.Release|ARM64.ActiveCfg = Release|Any CPU
		{A4B11D60-DD6E-4089-83A1-995838D9B4B6}.Release|ARM64.Build.0 = Release|Any CPU
		{A4B11D60-DD6E-4089-83A1-995838D9B4B6}.Release|x64.ActiveCfg = Release|Any CPU
		{A4B11D60-DD6E-4089-83A1-995838D9B4B6}.Release|x64.Build.0 = Release|Any CPU
		{A4B11D60-DD6E-4089-83A1-995838D9B4B6}.Release|x86.ActiveCfg = Release|Any CPU
		{A4B11D60-DD6E-4089-83A1-995838D9B4B6}.Release|x86.Build.0 = Release|Any CPU
		{FCB968B4-6AEB-410D-9156-24CB5FC0D3F3}.Debug|Any CPU.ActiveCfg = Debug|Any CPU
		{FCB968B4-6AEB-410D-9156-24CB5FC0D3F3}.Debug|Any CPU.Build.0 = Debug|Any CPU
		{FCB968B4-6AEB-410D-9156-24CB5FC0D3F3}.Debug|ARM.ActiveCfg = Debug|Any CPU
		{FCB968B4-6AEB-410D-9156-24CB5FC0D3F3}.Debug|ARM.Build.0 = Debug|Any CPU
		{FCB968B4-6AEB-410D-9156-24CB5FC0D3F3}.Debug|ARM64.ActiveCfg = Debug|Any CPU
		{FCB968B4-6AEB-410D-9156-24CB5FC0D3F3}.Debug|ARM64.Build.0 = Debug|Any CPU
		{FCB968B4-6AEB-410D-9156-24CB5FC0D3F3}.Debug|x64.ActiveCfg = Debug|Any CPU
		{FCB968B4-6AEB-410D-9156-24CB5FC0D3F3}.Debug|x64.Build.0 = Debug|Any CPU
		{FCB968B4-6AEB-410D-9156-24CB5FC0D3F3}.Debug|x86.ActiveCfg = Debug|Any CPU
		{FCB968B4-6AEB-410D-9156-24CB5FC0D3F3}.Debug|x86.Build.0 = Debug|Any CPU
		{FCB968B4-6AEB-410D-9156-24CB5FC0D3F3}.Release|Any CPU.ActiveCfg = Release|Any CPU
		{FCB968B4-6AEB-410D-9156-24CB5FC0D3F3}.Release|Any CPU.Build.0 = Release|Any CPU
		{FCB968B4-6AEB-410D-9156-24CB5FC0D3F3}.Release|ARM.ActiveCfg = Release|Any CPU
		{FCB968B4-6AEB-410D-9156-24CB5FC0D3F3}.Release|ARM.Build.0 = Release|Any CPU
		{FCB968B4-6AEB-410D-9156-24CB5FC0D3F3}.Release|ARM64.ActiveCfg = Release|Any CPU
		{FCB968B4-6AEB-410D-9156-24CB5FC0D3F3}.Release|ARM64.Build.0 = Release|Any CPU
		{FCB968B4-6AEB-410D-9156-24CB5FC0D3F3}.Release|x64.ActiveCfg = Release|Any CPU
		{FCB968B4-6AEB-410D-9156-24CB5FC0D3F3}.Release|x64.Build.0 = Release|Any CPU
		{FCB968B4-6AEB-410D-9156-24CB5FC0D3F3}.Release|x86.ActiveCfg = Release|Any CPU
		{FCB968B4-6AEB-410D-9156-24CB5FC0D3F3}.Release|x86.Build.0 = Release|Any CPU
		{E18A0459-FA8A-400D-AFAD-E8A0216046D3}.Debug|Any CPU.ActiveCfg = Debug|Any CPU
		{E18A0459-FA8A-400D-AFAD-E8A0216046D3}.Debug|Any CPU.Build.0 = Debug|Any CPU
		{E18A0459-FA8A-400D-AFAD-E8A0216046D3}.Debug|ARM.ActiveCfg = Debug|Any CPU
		{E18A0459-FA8A-400D-AFAD-E8A0216046D3}.Debug|ARM.Build.0 = Debug|Any CPU
		{E18A0459-FA8A-400D-AFAD-E8A0216046D3}.Debug|ARM64.ActiveCfg = Debug|Any CPU
		{E18A0459-FA8A-400D-AFAD-E8A0216046D3}.Debug|ARM64.Build.0 = Debug|Any CPU
		{E18A0459-FA8A-400D-AFAD-E8A0216046D3}.Debug|x64.ActiveCfg = Debug|Any CPU
		{E18A0459-FA8A-400D-AFAD-E8A0216046D3}.Debug|x64.Build.0 = Debug|Any CPU
		{E18A0459-FA8A-400D-AFAD-E8A0216046D3}.Debug|x86.ActiveCfg = Debug|Any CPU
		{E18A0459-FA8A-400D-AFAD-E8A0216046D3}.Debug|x86.Build.0 = Debug|Any CPU
		{E18A0459-FA8A-400D-AFAD-E8A0216046D3}.Release|Any CPU.ActiveCfg = Release|Any CPU
		{E18A0459-FA8A-400D-AFAD-E8A0216046D3}.Release|Any CPU.Build.0 = Release|Any CPU
		{E18A0459-FA8A-400D-AFAD-E8A0216046D3}.Release|ARM.ActiveCfg = Release|Any CPU
		{E18A0459-FA8A-400D-AFAD-E8A0216046D3}.Release|ARM.Build.0 = Release|Any CPU
		{E18A0459-FA8A-400D-AFAD-E8A0216046D3}.Release|ARM64.ActiveCfg = Release|Any CPU
		{E18A0459-FA8A-400D-AFAD-E8A0216046D3}.Release|ARM64.Build.0 = Release|Any CPU
		{E18A0459-FA8A-400D-AFAD-E8A0216046D3}.Release|x64.ActiveCfg = Release|Any CPU
		{E18A0459-FA8A-400D-AFAD-E8A0216046D3}.Release|x64.Build.0 = Release|Any CPU
		{E18A0459-FA8A-400D-AFAD-E8A0216046D3}.Release|x86.ActiveCfg = Release|Any CPU
		{E18A0459-FA8A-400D-AFAD-E8A0216046D3}.Release|x86.Build.0 = Release|Any CPU
		{BD0401D5-2EFF-4F7D-8D8B-40D71624FAF7}.Debug|Any CPU.ActiveCfg = Debug|Any CPU
		{BD0401D5-2EFF-4F7D-8D8B-40D71624FAF7}.Debug|Any CPU.Build.0 = Debug|Any CPU
		{BD0401D5-2EFF-4F7D-8D8B-40D71624FAF7}.Debug|ARM.ActiveCfg = Debug|Any CPU
		{BD0401D5-2EFF-4F7D-8D8B-40D71624FAF7}.Debug|ARM.Build.0 = Debug|Any CPU
		{BD0401D5-2EFF-4F7D-8D8B-40D71624FAF7}.Debug|ARM64.ActiveCfg = Debug|Any CPU
		{BD0401D5-2EFF-4F7D-8D8B-40D71624FAF7}.Debug|ARM64.Build.0 = Debug|Any CPU
		{BD0401D5-2EFF-4F7D-8D8B-40D71624FAF7}.Debug|x64.ActiveCfg = Debug|Any CPU
		{BD0401D5-2EFF-4F7D-8D8B-40D71624FAF7}.Debug|x64.Build.0 = Debug|Any CPU
		{BD0401D5-2EFF-4F7D-8D8B-40D71624FAF7}.Debug|x86.ActiveCfg = Debug|Any CPU
		{BD0401D5-2EFF-4F7D-8D8B-40D71624FAF7}.Debug|x86.Build.0 = Debug|Any CPU
		{BD0401D5-2EFF-4F7D-8D8B-40D71624FAF7}.Release|Any CPU.ActiveCfg = Release|Any CPU
		{BD0401D5-2EFF-4F7D-8D8B-40D71624FAF7}.Release|Any CPU.Build.0 = Release|Any CPU
		{BD0401D5-2EFF-4F7D-8D8B-40D71624FAF7}.Release|ARM.ActiveCfg = Release|Any CPU
		{BD0401D5-2EFF-4F7D-8D8B-40D71624FAF7}.Release|ARM.Build.0 = Release|Any CPU
		{BD0401D5-2EFF-4F7D-8D8B-40D71624FAF7}.Release|ARM64.ActiveCfg = Release|Any CPU
		{BD0401D5-2EFF-4F7D-8D8B-40D71624FAF7}.Release|ARM64.Build.0 = Release|Any CPU
		{BD0401D5-2EFF-4F7D-8D8B-40D71624FAF7}.Release|x64.ActiveCfg = Release|Any CPU
		{BD0401D5-2EFF-4F7D-8D8B-40D71624FAF7}.Release|x64.Build.0 = Release|Any CPU
		{BD0401D5-2EFF-4F7D-8D8B-40D71624FAF7}.Release|x86.ActiveCfg = Release|Any CPU
		{BD0401D5-2EFF-4F7D-8D8B-40D71624FAF7}.Release|x86.Build.0 = Release|Any CPU
	EndGlobalSection
	GlobalSection(SolutionProperties) = preSolution
		HideSolutionNode = FALSE
	EndGlobalSection
	GlobalSection(NestedProjects) = preSolution
		{9624A7C1-357C-4644-8634-9440A442623B} = {86FA9F16-A020-449E-8290-53D6967883F1}
		{A4B11D60-DD6E-4089-83A1-995838D9B4B6} = {23AA9FE5-D0C6-42DA-AFAC-19BDBDA9538C}
		{FCB968B4-6AEB-410D-9156-24CB5FC0D3F3} = {FE425E5C-80A0-47A9-9C27-57DADBF209CA}
		{E18A0459-FA8A-400D-AFAD-E8A0216046D3} = {422C9DF5-993F-4000-938F-828A70CA78AA}
		{BD0401D5-2EFF-4F7D-8D8B-40D71624FAF7} = {B672B8ED-61C8-4E78-AE02-62055BF154ED}
	EndGlobalSection
	GlobalSection(ExtensibilityGlobals) = postSolution
		SolutionGuid = {82844B38-A51D-4BAF-B032-144C3AF0B21E}
	EndGlobalSection
EndGlobal
